
Microsoft Visual Studio Solution File, Format Version 12.00
# Visual Studio Version 17
VisualStudioVersion = 17.9.34728.123
MinimumVisualStudioVersion = 10.0.40219.1
Project("{9A19103F-16F7-4668-BE54-9A1E7A4F7556}") = "WpfApp2", "WpfApp2\WpfApp2.csproj", "{7F771A84-BE0F-4219-A89D-1BC2A4FB59A4}"
EndProject
Project("{9A19103F-16F7-4668-BE54-9A1E7A4F7556}") = "SerializationLibrary1", "SerializationLibrary1\SerializationLibrary1.csproj", "{58DF5646-F137-4C6C-9FB4-F7AC2E114B3F}"
EndProject
Project("{FAE04EC0-301F-11D3-BF4B-00C04F79EFBC}") = "ThemeLibrary2", "ThemeLibrary2\ThemeLibrary2.csproj", "{E4C9F022-42CC-412D-B719-AEEE05618F1F}"
EndProject
Global
	GlobalSection(SolutionConfigurationPlatforms) = preSolution
		Debug|Any CPU = Debug|Any CPU
		Release|Any CPU = Release|Any CPU
	EndGlobalSection
	GlobalSection(ProjectConfigurationPlatforms) = postSolution
		{7F771A84-BE0F-4219-A89D-1BC2A4FB59A4}.Debug|Any CPU.ActiveCfg = Debug|Any CPU
		{7F771A84-BE0F-4219-A89D-1BC2A4FB59A4}.Debug|Any CPU.Build.0 = Debug|Any CPU
		{7F771A84-BE0F-4219-A89D-1BC2A4FB59A4}.Release|Any CPU.ActiveCfg = Release|Any CPU
		{7F771A84-BE0F-4219-A89D-1BC2A4FB59A4}.Release|Any CPU.Build.0 = Release|Any CPU
		{58DF5646-F137-4C6C-9FB4-F7AC2E114B3F}.Debug|Any CPU.ActiveCfg = Debug|Any CPU
		{58DF5646-F137-4C6C-9FB4-F7AC2E114B3F}.Debug|Any CPU.Build.0 = Debug|Any CPU
		{58DF5646-F137-4C6C-9FB4-F7AC2E114B3F}.Release|Any CPU.ActiveCfg = Release|Any CPU
		{58DF5646-F137-4C6C-9FB4-F7AC2E114B3F}.Release|Any CPU.Build.0 = Release|Any CPU
		{E4C9F022-42CC-412D-B719-AEEE05618F1F}.Debug|Any CPU.ActiveCfg = Debug|Any CPU
		{E4C9F022-42CC-412D-B719-AEEE05618F1F}.Debug|Any CPU.Build.0 = Debug|Any CPU
		{E4C9F022-42CC-412D-B719-AEEE05618F1F}.Release|Any CPU.ActiveCfg = Release|Any CPU
		{E4C9F022-42CC-412D-B719-AEEE05618F1F}.Release|Any CPU.Build.0 = Release|Any CPU
	EndGlobalSection
	GlobalSection(SolutionProperties) = preSolution
		HideSolutionNode = FALSE
	EndGlobalSection
	GlobalSection(ExtensibilityGlobals) = postSolution
		SolutionGuid = {1B185A1C-16E0-41CF-A5FE-CC3F96CE898D}
	EndGlobalSection
EndGlobal
